
Microsoft Visual Studio Solution File, Format Version 12.00
# Visual Studio Version 17
VisualStudioVersion = 17.3.32804.467
MinimumVisualStudioVersion = 10.0.40219.1
Project("{FAE04EC0-301F-11D3-BF4B-00C04F79EFBC}") = "Be.Windows.Forms.HexBox", "Be.Windows.Forms.HexBox\Be.Windows.Forms.HexBox.csproj", "{26C5F25F-B450-4CAF-AD8B-B8D11AE73457}"
EndProject
Project("{FAE04EC0-301F-11D3-BF4B-00C04F79EFBC}") = "DareParserWV", "DareParserWV\DareParserWV.csproj", "{AD68E5AD-5306-4B36-8D11-13B9D0A439D1}"
EndProject
Project("{FAE04EC0-301F-11D3-BF4B-00C04F79EFBC}") = "DareDebuggerWV", "DareDebuggerWV\DareDebuggerWV.csproj", "{7FF93ACD-B4C8-4CD3-BAC8-11B20D3CA3A8}"
EndProject
Project("{FAE04EC0-301F-11D3-BF4B-00C04F79EFBC}") = "DTBReaderWV", "DTBReaderWV\DTBReaderWV.csproj", "{26A73BFE-AF61-4EFD-8007-ED4253BF2AEA}"
EndProject
Project("{9A19103F-16F7-4668-BE54-9A1E7A4F7556}") = "DSFServices", "DSFServices\DSFServices.csproj", "{E81A45E6-E5D6-467F-AECD-636DE932972F}"
EndProject
Project("{9A19103F-16F7-4668-BE54-9A1E7A4F7556}") = "QNetZ", "QNetZ\QNetZ.csproj", "{29CA385B-3245-4740-9243-EE7F1F666C36}"
EndProject
Project("{2150E333-8FDC-42A3-9474-1A3956D46DE8}") = "Quazal", "Quazal", "{B487DD3C-3FB1-46C9-AE50-D5D52341A835}"
EndProject
Project("{9A19103F-16F7-4668-BE54-9A1E7A4F7556}") = "RDVServices", "RDVServices\RDVServices.csproj", "{40CE0D70-EEE5-4E17-BD16-E897F60FB0B5}"
EndProject
Project("{2150E333-8FDC-42A3-9474-1A3956D46DE8}") = "GameServices", "GameServices", "{919024C4-3D4F-4D07-9776-194FD0FC257F}"
EndProject
Project("{2150E333-8FDC-42A3-9474-1A3956D46DE8}") = "Tools", "Tools", "{A9C7811B-FDD4-4480-B707-8DC5D37C6575}"
EndProject
Project("{9A19103F-16F7-4668-BE54-9A1E7A4F7556}") = "BackendDebugServer", "BackendDebugServer\BackendDebugServer.csproj", "{1C6C6D46-A613-4F7D-BDD6-E6DCBF546BDE}"
EndProject
Project("{9A19103F-16F7-4668-BE54-9A1E7A4F7556}") = "AlcatrazGameServices", "AlcatrazGameServices\AlcatrazGameServices.csproj", "{490F71D8-04E7-4359-9991-E7A3EB45F474}"
EndProject
Project("{2150E333-8FDC-42A3-9474-1A3956D46DE8}") = "Data", "Data", "{3947A504-2857-4133-9A1A-AF401544252D}"
EndProject
Project("{9A19103F-16F7-4668-BE54-9A1E7A4F7556}") = "AlcatrazContext", "AlcatrazDbContext\AlcatrazContext.csproj", "{63237AD4-1792-48B7-B345-884DC51240C5}"
EndProject
Project("{D954291E-2A0B-460D-934E-DC6B0785DB48}") = "AlcatrazDTO", "AlcatrazDTO\AlcatrazDTO.shproj", "{6AA3E5A0-EB6E-4116-ABC0-860E9C8638F0}"
EndProject
Global
	GlobalSection(SolutionConfigurationPlatforms) = preSolution
		Debug|Any CPU = Debug|Any CPU
		Debug|Win32 = Debug|Win32
		Release|Any CPU = Release|Any CPU
		Release|Win32 = Release|Win32
	EndGlobalSection
	GlobalSection(ProjectConfigurationPlatforms) = postSolution
		{26C5F25F-B450-4CAF-AD8B-B8D11AE73457}.Debug|Any CPU.ActiveCfg = Debug|x86
		{26C5F25F-B450-4CAF-AD8B-B8D11AE73457}.Debug|Win32.ActiveCfg = Debug|x86
		{26C5F25F-B450-4CAF-AD8B-B8D11AE73457}.Debug|Win32.Build.0 = Debug|x86
		{26C5F25F-B450-4CAF-AD8B-B8D11AE73457}.Release|Any CPU.ActiveCfg = Release|x86
		{26C5F25F-B450-4CAF-AD8B-B8D11AE73457}.Release|Win32.ActiveCfg = Release|x86
		{26C5F25F-B450-4CAF-AD8B-B8D11AE73457}.Release|Win32.Build.0 = Release|x86
		{AD68E5AD-5306-4B36-8D11-13B9D0A439D1}.Debug|Any CPU.ActiveCfg = Debug|x86
		{AD68E5AD-5306-4B36-8D11-13B9D0A439D1}.Debug|Win32.ActiveCfg = Debug|x86
		{AD68E5AD-5306-4B36-8D11-13B9D0A439D1}.Debug|Win32.Build.0 = Debug|x86
		{AD68E5AD-5306-4B36-8D11-13B9D0A439D1}.Release|Any CPU.ActiveCfg = Release|x86
		{AD68E5AD-5306-4B36-8D11-13B9D0A439D1}.Release|Win32.ActiveCfg = Release|x86
		{AD68E5AD-5306-4B36-8D11-13B9D0A439D1}.Release|Win32.Build.0 = Release|x86
		{7FF93ACD-B4C8-4CD3-BAC8-11B20D3CA3A8}.Debug|Any CPU.ActiveCfg = Debug|x86
		{7FF93ACD-B4C8-4CD3-BAC8-11B20D3CA3A8}.Debug|Win32.ActiveCfg = Debug|x86
		{7FF93ACD-B4C8-4CD3-BAC8-11B20D3CA3A8}.Debug|Win32.Build.0 = Debug|x86
		{7FF93ACD-B4C8-4CD3-BAC8-11B20D3CA3A8}.Release|Any CPU.ActiveCfg = Release|x86
		{7FF93ACD-B4C8-4CD3-BAC8-11B20D3CA3A8}.Release|Win32.ActiveCfg = Release|x86
		{7FF93ACD-B4C8-4CD3-BAC8-11B20D3CA3A8}.Release|Win32.Build.0 = Release|x86
		{26A73BFE-AF61-4EFD-8007-ED4253BF2AEA}.Debug|Any CPU.ActiveCfg = Debug|x86
		{26A73BFE-AF61-4EFD-8007-ED4253BF2AEA}.Debug|Win32.ActiveCfg = Debug|x86
		{26A73BFE-AF61-4EFD-8007-ED4253BF2AEA}.Debug|Win32.Build.0 = Debug|x86
		{26A73BFE-AF61-4EFD-8007-ED4253BF2AEA}.Release|Any CPU.ActiveCfg = Release|x86
		{26A73BFE-AF61-4EFD-8007-ED4253BF2AEA}.Release|Win32.ActiveCfg = Release|x86
		{26A73BFE-AF61-4EFD-8007-ED4253BF2AEA}.Release|Win32.Build.0 = Release|x86
		{E81A45E6-E5D6-467F-AECD-636DE932972F}.Debug|Any CPU.ActiveCfg = Debug|Any CPU
		{E81A45E6-E5D6-467F-AECD-636DE932972F}.Debug|Any CPU.Build.0 = Debug|Any CPU
		{E81A45E6-E5D6-467F-AECD-636DE932972F}.Debug|Win32.ActiveCfg = Debug|Any CPU
		{E81A45E6-E5D6-467F-AECD-636DE932972F}.Debug|Win32.Build.0 = Debug|Any CPU
		{E81A45E6-E5D6-467F-AECD-636DE932972F}.Release|Any CPU.ActiveCfg = Release|Any CPU
		{E81A45E6-E5D6-467F-AECD-636DE932972F}.Release|Any CPU.Build.0 = Release|Any CPU
		{E81A45E6-E5D6-467F-AECD-636DE932972F}.Release|Win32.ActiveCfg = Release|Any CPU
		{E81A45E6-E5D6-467F-AECD-636DE932972F}.Release|Win32.Build.0 = Release|Any CPU
		{29CA385B-3245-4740-9243-EE7F1F666C36}.Debug|Any CPU.ActiveCfg = Debug|Any CPU
		{29CA385B-3245-4740-9243-EE7F1F666C36}.Debug|Any CPU.Build.0 = Debug|Any CPU
		{29CA385B-3245-4740-9243-EE7F1F666C36}.Debug|Win32.ActiveCfg = Debug|Any CPU
		{29CA385B-3245-4740-9243-EE7F1F666C36}.Debug|Win32.Build.0 = Debug|Any CPU
		{29CA385B-3245-4740-9243-EE7F1F666C36}.Release|Any CPU.ActiveCfg = Release|Any CPU
		{29CA385B-3245-4740-9243-EE7F1F666C36}.Release|Any CPU.Build.0 = Release|Any CPU
		{29CA385B-3245-4740-9243-EE7F1F666C36}.Release|Win32.ActiveCfg = Release|Any CPU
		{29CA385B-3245-4740-9243-EE7F1F666C36}.Release|Win32.Build.0 = Release|Any CPU
		{40CE0D70-EEE5-4E17-BD16-E897F60FB0B5}.Debug|Any CPU.ActiveCfg = Debug|Any CPU
		{40CE0D70-EEE5-4E17-BD16-E897F60FB0B5}.Debug|Any CPU.Build.0 = Debug|Any CPU
		{40CE0D70-EEE5-4E17-BD16-E897F60FB0B5}.Debug|Win32.ActiveCfg = Debug|Any CPU
		{40CE0D70-EEE5-4E17-BD16-E897F60FB0B5}.Debug|Win32.Build.0 = Debug|Any CPU
		{40CE0D70-EEE5-4E17-BD16-E897F60FB0B5}.Release|Any CPU.ActiveCfg = Release|Any CPU
		{40CE0D70-EEE5-4E17-BD16-E897F60FB0B5}.Release|Any CPU.Build.0 = Release|Any CPU
		{40CE0D70-EEE5-4E17-BD16-E897F60FB0B5}.Release|Win32.ActiveCfg = Release|Any CPU
		{40CE0D70-EEE5-4E17-BD16-E897F60FB0B5}.Release|Win32.Build.0 = Release|Any CPU
		{1C6C6D46-A613-4F7D-BDD6-E6DCBF546BDE}.Debug|Any CPU.ActiveCfg = Debug|Any CPU
		{1C6C6D46-A613-4F7D-BDD6-E6DCBF546BDE}.Debug|Any CPU.Build.0 = Debug|Any CPU
		{1C6C6D46-A613-4F7D-BDD6-E6DCBF546BDE}.Debug|Win32.ActiveCfg = Debug|Any CPU
		{1C6C6D46-A613-4F7D-BDD6-E6DCBF546BDE}.Debug|Win32.Build.0 = Debug|Any CPU
		{1C6C6D46-A613-4F7D-BDD6-E6DCBF546BDE}.Release|Any CPU.ActiveCfg = Release|Any CPU
		{1C6C6D46-A613-4F7D-BDD6-E6DCBF546BDE}.Release|Any CPU.Build.0 = Release|Any CPU
		{1C6C6D46-A613-4F7D-BDD6-E6DCBF546BDE}.Release|Win32.ActiveCfg = Release|Any CPU
		{1C6C6D46-A613-4F7D-BDD6-E6DCBF546BDE}.Release|Win32.Build.0 = Release|Any CPU
		{490F71D8-04E7-4359-9991-E7A3EB45F474}.Debug|Any CPU.ActiveCfg = Debug|Any CPU
		{490F71D8-04E7-4359-9991-E7A3EB45F474}.Debug|Any CPU.Build.0 = Debug|Any CPU
		{490F71D8-04E7-4359-9991-E7A3EB45F474}.Debug|Win32.ActiveCfg = Debug|Any CPU
		{490F71D8-04E7-4359-9991-E7A3EB45F474}.Debug|Win32.Build.0 = Debug|Any CPU
		{490F71D8-04E7-4359-9991-E7A3EB45F474}.Release|Any CPU.ActiveCfg = Release|Any CPU
		{490F71D8-04E7-4359-9991-E7A3EB45F474}.Release|Any CPU.Build.0 = Release|Any CPU
		{490F71D8-04E7-4359-9991-E7A3EB45F474}.Release|Win32.ActiveCfg = Release|Any CPU
		{490F71D8-04E7-4359-9991-E7A3EB45F474}.Release|Win32.Build.0 = Release|Any CPU
		{63237AD4-1792-48B7-B345-884DC51240C5}.Debug|Any CPU.ActiveCfg = Debug|Any CPU
		{63237AD4-1792-48B7-B345-884DC51240C5}.Debug|Any CPU.Build.0 = Debug|Any CPU
		{63237AD4-1792-48B7-B345-884DC51240C5}.Debug|Win32.ActiveCfg = Debug|Any CPU
		{63237AD4-1792-48B7-B345-884DC51240C5}.Debug|Win32.Build.0 = Debug|Any CPU
		{63237AD4-1792-48B7-B345-884DC51240C5}.Release|Any CPU.ActiveCfg = Release|Any CPU
		{63237AD4-1792-48B7-B345-884DC51240C5}.Release|Any CPU.Build.0 = Release|Any CPU
		{63237AD4-1792-48B7-B345-884DC51240C5}.Release|Win32.ActiveCfg = Release|Any CPU
		{63237AD4-1792-48B7-B345-884DC51240C5}.Release|Win32.Build.0 = Release|Any CPU
	EndGlobalSection
	GlobalSection(SolutionProperties) = preSolution
		HideSolutionNode = FALSE
	EndGlobalSection
	GlobalSection(NestedProjects) = preSolution
		{26C5F25F-B450-4CAF-AD8B-B8D11AE73457} = {A9C7811B-FDD4-4480-B707-8DC5D37C6575}
		{AD68E5AD-5306-4B36-8D11-13B9D0A439D1} = {A9C7811B-FDD4-4480-B707-8DC5D37C6575}
		{7FF93ACD-B4C8-4CD3-BAC8-11B20D3CA3A8} = {A9C7811B-FDD4-4480-B707-8DC5D37C6575}
		{26A73BFE-AF61-4EFD-8007-ED4253BF2AEA} = {A9C7811B-FDD4-4480-B707-8DC5D37C6575}
		{E81A45E6-E5D6-467F-AECD-636DE932972F} = {919024C4-3D4F-4D07-9776-194FD0FC257F}
		{29CA385B-3245-4740-9243-EE7F1F666C36} = {B487DD3C-3FB1-46C9-AE50-D5D52341A835}
		{40CE0D70-EEE5-4E17-BD16-E897F60FB0B5} = {B487DD3C-3FB1-46C9-AE50-D5D52341A835}
		{1C6C6D46-A613-4F7D-BDD6-E6DCBF546BDE} = {919024C4-3D4F-4D07-9776-194FD0FC257F}
		{490F71D8-04E7-4359-9991-E7A3EB45F474} = {919024C4-3D4F-4D07-9776-194FD0FC257F}
		{63237AD4-1792-48B7-B345-884DC51240C5} = {3947A504-2857-4133-9A1A-AF401544252D}
		{6AA3E5A0-EB6E-4116-ABC0-860E9C8638F0} = {919024C4-3D4F-4D07-9776-194FD0FC257F}
	EndGlobalSection
	GlobalSection(ExtensibilityGlobals) = postSolution
		SolutionGuid = {38FC8A9A-99E4-4439-8AA8-EF08747AE6AF}
	EndGlobalSection
	GlobalSection(SharedMSBuildProjectFiles) = preSolution
		AlcatrazDTO\AlcatrazDTO.projitems*{40ce0d70-eee5-4e17-bd16-e897f60fb0b5}*SharedItemsImports = 5
		AlcatrazDTO\AlcatrazDTO.projitems*{490f71d8-04e7-4359-9991-e7a3eb45f474}*SharedItemsImports = 5
		AlcatrazDTO\AlcatrazDTO.projitems*{6aa3e5a0-eb6e-4116-abc0-860e9c8638f0}*SharedItemsImports = 13
	EndGlobalSection
EndGlobal
